
Microsoft Visual Studio Solution File, Format Version 12.00
# Visual Studio Version 17
VisualStudioVersion = 17.0.32112.339
MinimumVisualStudioVersion = 10.0.40219.1
Project("{FAE04EC0-301F-11D3-BF4B-00C04F79EFBC}") = "Examen", "Examen\Examen.csproj", "{3EBB274A-0418-4C15-BC27-7DE001DF07AA}"
EndProject
Global
	GlobalSection(SolutionConfigurationPlatforms) = preSolution
		Debug|Any CPU = Debug|Any CPU
		Release|Any CPU = Release|Any CPU
	EndGlobalSection
	GlobalSection(ProjectConfigurationPlatforms) = postSolution
		{3EBB274A-0418-4C15-BC27-7DE001DF07AA}.Debug|Any CPU.ActiveCfg = Debug|Any CPU
		{3EBB274A-0418-4C15-BC27-7DE001DF07AA}.Debug|Any CPU.Build.0 = Debug|Any CPU
		{3EBB274A-0418-4C15-BC27-7DE001DF07AA}.Release|Any CPU.ActiveCfg = Release|Any CPU
		{3EBB274A-0418-4C15-BC27-7DE001DF07AA}.Release|Any CPU.Build.0 = Release|Any CPU
	EndGlobalSection
	GlobalSection(SolutionProperties) = preSolution
		HideSolutionNode = FALSE
	EndGlobalSection
	GlobalSection(ExtensibilityGlobals) = postSolution
		SolutionGuid = {8CCA2A74-37BE-44BC-9A45-898872982A4B}
	EndGlobalSection
EndGlobal
